
Microsoft Visual Studio Solution File, Format Version 12.00
# Visual Studio 15
VisualStudioVersion = 15.0.27130.2020
MinimumVisualStudioVersion = 10.0.40219.1
Project("{9A19103F-16F7-4668-BE54-9A1E7A4F7556}") = "CadastroProduto", "CadastroProduto\CadastroProduto.csproj", "{A19948E6-E2D6-4683-AE12-6A41020A49D3}"
EndProject
Project("{FAE04EC0-301F-11D3-BF4B-00C04F79EFBC}") = "Domain", "Domain\Domain.csproj", "{71E74134-C5B3-4057-B8C9-A9119B8DB1E9}"
EndProject
Project("{FAE04EC0-301F-11D3-BF4B-00C04F79EFBC}") = "Repository", "Repository\Repository.csproj", "{7DA919C4-D57C-4441-83C9-9FD68B894950}"
EndProject
Global
	GlobalSection(SolutionConfigurationPlatforms) = preSolution
		Debug|Any CPU = Debug|Any CPU
		Release|Any CPU = Release|Any CPU
	EndGlobalSection
	GlobalSection(ProjectConfigurationPlatforms) = postSolution
		{A19948E6-E2D6-4683-AE12-6A41020A49D3}.Debug|Any CPU.ActiveCfg = Debug|Any CPU
		{A19948E6-E2D6-4683-AE12-6A41020A49D3}.Debug|Any CPU.Build.0 = Debug|Any CPU
		{A19948E6-E2D6-4683-AE12-6A41020A49D3}.Release|Any CPU.ActiveCfg = Release|Any CPU
		{A19948E6-E2D6-4683-AE12-6A41020A49D3}.Release|Any CPU.Build.0 = Release|Any CPU
		{71E74134-C5B3-4057-B8C9-A9119B8DB1E9}.Debug|Any CPU.ActiveCfg = Debug|Any CPU
		{71E74134-C5B3-4057-B8C9-A9119B8DB1E9}.Debug|Any CPU.Build.0 = Debug|Any CPU
		{71E74134-C5B3-4057-B8C9-A9119B8DB1E9}.Release|Any CPU.ActiveCfg = Release|Any CPU
		{71E74134-C5B3-4057-B8C9-A9119B8DB1E9}.Release|Any CPU.Build.0 = Release|Any CPU
		{7DA919C4-D57C-4441-83C9-9FD68B894950}.Debug|Any CPU.ActiveCfg = Debug|Any CPU
		{7DA919C4-D57C-4441-83C9-9FD68B894950}.Debug|Any CPU.Build.0 = Debug|Any CPU
		{7DA919C4-D57C-4441-83C9-9FD68B894950}.Release|Any CPU.ActiveCfg = Release|Any CPU
		{7DA919C4-D57C-4441-83C9-9FD68B894950}.Release|Any CPU.Build.0 = Release|Any CPU
	EndGlobalSection
	GlobalSection(SolutionProperties) = preSolution
		HideSolutionNode = FALSE
	EndGlobalSection
	GlobalSection(ExtensibilityGlobals) = postSolution
		SolutionGuid = {9B784457-7EE6-404E-9274-D011777210F8}
	EndGlobalSection
EndGlobal
